
Microsoft Visual Studio Solution File, Format Version 12.00
# Visual Studio Version 17
VisualStudioVersion = 17.0.32112.339
MinimumVisualStudioVersion = 10.0.40219.1
Project("{9A19103F-16F7-4668-BE54-9A1E7A4F7556}") = "Apollyon_plugin", "Apollyon_plugin\Apollyon_plugin.csproj", "{B8B3F84F-C259-4484-A7BD-7569AFEF3C6B}"
EndProject
Global
	GlobalSection(SolutionConfigurationPlatforms) = preSolution
		Debug|Any CPU = Debug|Any CPU
		Debug|x64 = Debug|x64
		Debug|x86 = Debug|x86
		Release|Any CPU = Release|Any CPU
		Release|x64 = Release|x64
		Release|x86 = Release|x86
	EndGlobalSection
	GlobalSection(ProjectConfigurationPlatforms) = postSolution
		{B8B3F84F-C259-4484-A7BD-7569AFEF3C6B}.Debug|Any CPU.ActiveCfg = Debug|Any CPU
		{B8B3F84F-C259-4484-A7BD-7569AFEF3C6B}.Debug|Any CPU.Build.0 = Debug|Any CPU
		{B8B3F84F-C259-4484-A7BD-7569AFEF3C6B}.Debug|x64.ActiveCfg = Debug|Any CPU
		{B8B3F84F-C259-4484-A7BD-7569AFEF3C6B}.Debug|x86.ActiveCfg = Debug|Any CPU
		{B8B3F84F-C259-4484-A7BD-7569AFEF3C6B}.Debug|x86.Build.0 = Debug|Any CPU
		{B8B3F84F-C259-4484-A7BD-7569AFEF3C6B}.Release|Any CPU.ActiveCfg = Release|Any CPU
		{B8B3F84F-C259-4484-A7BD-7569AFEF3C6B}.Release|x64.ActiveCfg = Release|Any CPU
		{B8B3F84F-C259-4484-A7BD-7569AFEF3C6B}.Release|x86.ActiveCfg = Release|Any CPU
		{B8B3F84F-C259-4484-A7BD-7569AFEF3C6B}.Release|x86.Build.0 = Release|Any CPU
	EndGlobalSection
	GlobalSection(SolutionProperties) = preSolution
		HideSolutionNode = FALSE
	EndGlobalSection
	GlobalSection(ExtensibilityGlobals) = postSolution
		SolutionGuid = {859AB7B1-61A9-4ED2-ADBD-E406A88EA60F}
	EndGlobalSection
EndGlobal
